
Microsoft Visual Studio Solution File, Format Version 12.00
# Visual Studio 15
VisualStudioVersion = 15.0.26228.4
MinimumVisualStudioVersion = 10.0.40219.1
Project("{FAE04EC0-301F-11D3-BF4B-00C04F79EFBC}") = "DAL", "DAL\DAL.csproj", "{13C8F43B-B23A-49C7-97E4-8DCA015D603E}"
EndProject
Project("{FAE04EC0-301F-11D3-BF4B-00C04F79EFBC}") = "ModelLayer", "ModelLayer\ModelLayer.csproj", "{E95856E6-77A8-4C81-8F70-110ABA992E25}"
EndProject
Project("{FAE04EC0-301F-11D3-BF4B-00C04F79EFBC}") = "BLL", "BLL\BLL.csproj", "{AEC248B5-E216-4857-A66F-3E1B3B6103AA}"
EndProject
Project("{FAE04EC0-301F-11D3-BF4B-00C04F79EFBC}") = "DevHub", "DevHub\DevHub.csproj", "{E3C1793E-BBE6-4A03-A960-CC5BC164FA7D}"
EndProject
Global
	GlobalSection(SolutionConfigurationPlatforms) = preSolution
		Debug|Any CPU = Debug|Any CPU
		Release|Any CPU = Release|Any CPU
	EndGlobalSection
	GlobalSection(ProjectConfigurationPlatforms) = postSolution
		{13C8F43B-B23A-49C7-97E4-8DCA015D603E}.Debug|Any CPU.ActiveCfg = Debug|Any CPU
		{13C8F43B-B23A-49C7-97E4-8DCA015D603E}.Debug|Any CPU.Build.0 = Debug|Any CPU
		{13C8F43B-B23A-49C7-97E4-8DCA015D603E}.Release|Any CPU.ActiveCfg = Release|Any CPU
		{13C8F43B-B23A-49C7-97E4-8DCA015D603E}.Release|Any CPU.Build.0 = Release|Any CPU
		{E95856E6-77A8-4C81-8F70-110ABA992E25}.Debug|Any CPU.ActiveCfg = Debug|Any CPU
		{E95856E6-77A8-4C81-8F70-110ABA992E25}.Debug|Any CPU.Build.0 = Debug|Any CPU
		{E95856E6-77A8-4C81-8F70-110ABA992E25}.Release|Any CPU.ActiveCfg = Release|Any CPU
		{E95856E6-77A8-4C81-8F70-110ABA992E25}.Release|Any CPU.Build.0 = Release|Any CPU
		{AEC248B5-E216-4857-A66F-3E1B3B6103AA}.Debug|Any CPU.ActiveCfg = Debug|Any CPU
		{AEC248B5-E216-4857-A66F-3E1B3B6103AA}.Debug|Any CPU.Build.0 = Debug|Any CPU
		{AEC248B5-E216-4857-A66F-3E1B3B6103AA}.Release|Any CPU.ActiveCfg = Release|Any CPU
		{AEC248B5-E216-4857-A66F-3E1B3B6103AA}.Release|Any CPU.Build.0 = Release|Any CPU
		{E3C1793E-BBE6-4A03-A960-CC5BC164FA7D}.Debug|Any CPU.ActiveCfg = Debug|Any CPU
		{E3C1793E-BBE6-4A03-A960-CC5BC164FA7D}.Debug|Any CPU.Build.0 = Debug|Any CPU
		{E3C1793E-BBE6-4A03-A960-CC5BC164FA7D}.Release|Any CPU.ActiveCfg = Release|Any CPU
		{E3C1793E-BBE6-4A03-A960-CC5BC164FA7D}.Release|Any CPU.Build.0 = Release|Any CPU
	EndGlobalSection
	GlobalSection(SolutionProperties) = preSolution
		HideSolutionNode = FALSE
	EndGlobalSection
EndGlobal
